
Microsoft Visual Studio Solution File, Format Version 12.00
# Visual Studio Version 16
VisualStudioVersion = 16.0.29411.138
MinimumVisualStudioVersion = 10.0.40219.1
Project("{9A19103F-16F7-4668-BE54-9A1E7A4F7556}") = "AzureAdventCalendar", "AzureAdventCalendar\AzureAdventCalendar.csproj", "{7B4BDB21-29AB-4EB7-8047-6A2E6B0022F3}"
EndProject
Project("{00D1A9C2-B5F0-4AF3-8072-F6C62B433612}") = "AzureAdventCalendar.Database", "AzureAdventCalendar.Database\AzureAdventCalendar.Database.sqlproj", "{706E8114-31FE-4C01-9C00-F1B37DD848F8}"
EndProject
Global
	GlobalSection(SolutionConfigurationPlatforms) = preSolution
		Debug|Any CPU = Debug|Any CPU
		Release|Any CPU = Release|Any CPU
	EndGlobalSection
	GlobalSection(ProjectConfigurationPlatforms) = postSolution
		{7B4BDB21-29AB-4EB7-8047-6A2E6B0022F3}.Debug|Any CPU.ActiveCfg = Debug|Any CPU
		{7B4BDB21-29AB-4EB7-8047-6A2E6B0022F3}.Debug|Any CPU.Build.0 = Debug|Any CPU
		{7B4BDB21-29AB-4EB7-8047-6A2E6B0022F3}.Release|Any CPU.ActiveCfg = Release|Any CPU
		{7B4BDB21-29AB-4EB7-8047-6A2E6B0022F3}.Release|Any CPU.Build.0 = Release|Any CPU
		{706E8114-31FE-4C01-9C00-F1B37DD848F8}.Debug|Any CPU.ActiveCfg = Debug|Any CPU
		{706E8114-31FE-4C01-9C00-F1B37DD848F8}.Debug|Any CPU.Build.0 = Debug|Any CPU
		{706E8114-31FE-4C01-9C00-F1B37DD848F8}.Debug|Any CPU.Deploy.0 = Debug|Any CPU
		{706E8114-31FE-4C01-9C00-F1B37DD848F8}.Release|Any CPU.ActiveCfg = Release|Any CPU
		{706E8114-31FE-4C01-9C00-F1B37DD848F8}.Release|Any CPU.Build.0 = Release|Any CPU
		{706E8114-31FE-4C01-9C00-F1B37DD848F8}.Release|Any CPU.Deploy.0 = Release|Any CPU
	EndGlobalSection
	GlobalSection(SolutionProperties) = preSolution
		HideSolutionNode = FALSE
	EndGlobalSection
	GlobalSection(ExtensibilityGlobals) = postSolution
		SolutionGuid = {CBA91B10-B933-4D50-9BE3-4DC4C9876DDF}
	EndGlobalSection
EndGlobal
